
Microsoft Visual Studio Solution File, Format Version 12.00
# Visual Studio Version 17
VisualStudioVersion = 17.6.33829.357
MinimumVisualStudioVersion = 10.0.40219.1
Project("{FAE04EC0-301F-11D3-BF4B-00C04F79EFBC}") = "Proyecto1", "Proyecto1\Proyecto1.csproj", "{EBDA32C9-6322-44CE-884B-5C69422775C3}"
EndProject
Global
	GlobalSection(SolutionConfigurationPlatforms) = preSolution
		Debug|Any CPU = Debug|Any CPU
		Release|Any CPU = Release|Any CPU
	EndGlobalSection
	GlobalSection(ProjectConfigurationPlatforms) = postSolution
		{EBDA32C9-6322-44CE-884B-5C69422775C3}.Debug|Any CPU.ActiveCfg = Debug|Any CPU
		{EBDA32C9-6322-44CE-884B-5C69422775C3}.Debug|Any CPU.Build.0 = Debug|Any CPU
		{EBDA32C9-6322-44CE-884B-5C69422775C3}.Release|Any CPU.ActiveCfg = Release|Any CPU
		{EBDA32C9-6322-44CE-884B-5C69422775C3}.Release|Any CPU.Build.0 = Release|Any CPU
	EndGlobalSection
	GlobalSection(SolutionProperties) = preSolution
		HideSolutionNode = FALSE
	EndGlobalSection
	GlobalSection(ExtensibilityGlobals) = postSolution
		SolutionGuid = {E2B1D8AD-163D-4BB3-8E51-5AFF627BFFDB}
	EndGlobalSection
EndGlobal
